
Microsoft Visual Studio Solution File, Format Version 12.00
# Visual Studio Version 16
VisualStudioVersion = 16.0.29411.108
MinimumVisualStudioVersion = 10.0.40219.1
Project("{FAE04EC0-301F-11D3-BF4B-00C04F79EFBC}") = "LibaryOfGames", "LibaryOfGames.csproj", "{FC6E785C-D447-4BB3-B938-60EE572B619E}"
EndProject
Global
	GlobalSection(SolutionConfigurationPlatforms) = preSolution
		Debug|Any CPU = Debug|Any CPU
		Release|Any CPU = Release|Any CPU
	EndGlobalSection
	GlobalSection(ProjectConfigurationPlatforms) = postSolution
		{FC6E785C-D447-4BB3-B938-60EE572B619E}.Debug|Any CPU.ActiveCfg = Debug|Any CPU
		{FC6E785C-D447-4BB3-B938-60EE572B619E}.Debug|Any CPU.Build.0 = Debug|Any CPU
		{FC6E785C-D447-4BB3-B938-60EE572B619E}.Release|Any CPU.ActiveCfg = Release|Any CPU
		{FC6E785C-D447-4BB3-B938-60EE572B619E}.Release|Any CPU.Build.0 = Release|Any CPU
	EndGlobalSection
	GlobalSection(SolutionProperties) = preSolution
		HideSolutionNode = FALSE
	EndGlobalSection
	GlobalSection(ExtensibilityGlobals) = postSolution
		SolutionGuid = {59E7E18C-C7B1-44B3-9B32-83530E8BDB7D}
	EndGlobalSection
EndGlobal
